
Microsoft Visual Studio Solution File, Format Version 12.00
# Visual Studio Version 17
VisualStudioVersion = 17.7.34024.191
MinimumVisualStudioVersion = 10.0.40219.1
Project("{FAE04EC0-301F-11D3-BF4B-00C04F79EFBC}") = "Web", "Web\Web.csproj", "{AF74C179-DC62-4E3E-80F6-E144D8C02DCB}"
EndProject
Global
	GlobalSection(SolutionConfigurationPlatforms) = preSolution
		Debug|Any CPU = Debug|Any CPU
		Release|Any CPU = Release|Any CPU
	EndGlobalSection
	GlobalSection(ProjectConfigurationPlatforms) = postSolution
		{AF74C179-DC62-4E3E-80F6-E144D8C02DCB}.Debug|Any CPU.ActiveCfg = Debug|Any CPU
		{AF74C179-DC62-4E3E-80F6-E144D8C02DCB}.Debug|Any CPU.Build.0 = Debug|Any CPU
		{AF74C179-DC62-4E3E-80F6-E144D8C02DCB}.Release|Any CPU.ActiveCfg = Release|Any CPU
		{AF74C179-DC62-4E3E-80F6-E144D8C02DCB}.Release|Any CPU.Build.0 = Release|Any CPU
	EndGlobalSection
	GlobalSection(SolutionProperties) = preSolution
		HideSolutionNode = FALSE
	EndGlobalSection
	GlobalSection(ExtensibilityGlobals) = postSolution
		SolutionGuid = {8ED12FBB-C1CB-472D-B705-8BC9E8222CA4}
	EndGlobalSection
EndGlobal
